// !$*UTF8*$!
{
	archiveVersion = 1;
	classes = {
	};
	objectVersion = 46;
	objects = {

/* Begin PBXBuildFile section */
		A882C42C1C90791900CB1439 /* main.m in Sources */ = {isa = PBXBuildFile; fileRef = A882C42B1C90791900CB1439 /* main.m */; };
		A882C42F1C90791900CB1439 /* AppDelegate.m in Sources */ = {isa = PBXBuildFile; fileRef = A882C42E1C90791900CB1439 /* AppDelegate.m */; };
		A882C4321C90791900CB1439 /* ViewController.m in Sources */ = {isa = PBXBuildFile; fileRef = A882C4311C90791900CB1439 /* ViewController.m */; };
		A882C4351C90791900CB1439 /* Main.storyboard in Resources */ = {isa = PBXBuildFile; fileRef = A882C4331C90791900CB1439 /* Main.storyboard */; };
		A882C4371C90791900CB1439 /* Assets.xcassets in Resources */ = {isa = PBXBuildFile; fileRef = A882C4361C90791900CB1439 /* Assets.xcassets */; };
		A882C43A1C90791900CB1439 /* LaunchScreen.storyboard in Resources */ = {isa = PBXBuildFile; fileRef = A882C4381C90791900CB1439 /* LaunchScreen.storyboard */; };
		A882C4451C90791900CB1439 /* ___Tests.m in Sources */ = {isa = PBXBuildFile; fileRef = A882C4441C90791900CB1439 /* ___Tests.m */; };
		A882C4501C90791900CB1439 /* ___UITests.m in Sources */ = {isa = PBXBuildFile; fileRef = A882C44F1C90791900CB1439 /* ___UITests.m */; };
/* End PBXBuildFile section */

/* Begin PBXContainerItemProxy section */
		A882C4411C90791900CB1439 /* PBXContainerItemProxy */ = {
			isa = PBXContainerItemProxy;
			containerPortal = A882C41F1C90791900CB1439 /* Project object */;
			proxyType = 1;
			remoteGlobalIDString = A882C4261C90791900CB1439;
			remoteInfo = "百思静";
		};
		A882C44C1C90791900CB1439 /* PBXContainerItemProxy */ = {
			isa = PBXContainerItemProxy;
			containerPortal = A882C41F1C90791900CB1439 /* Project object */;
			proxyType = 1;
			remoteGlobalIDString = A882C4261C90791900CB1439;
			remoteInfo = "百思静";
		};
/* End PBXContainerItemProxy section */

/* Begin PBXFileReference section */
		A882C4271C90791900CB1439 /* 百思静.app */ = {isa = PBXFileReference; explicitFileType = wrapper.application; includeInIndex = 0; path = "百思静.app"; sourceTree = BUILT_PRODUCTS_DIR; };
		A882C42B1C90791900CB1439 /* main.m */ = {isa = PBXFileReference; lastKnownFileType = sourcecode.c.objc; path = main.m; sourceTree = "<group>"; };
		A882C42D1C90791900CB1439 /* AppDelegate.h */ = {isa = PBXFileReference; lastKnownFileType = sourcecode.c.h; path = AppDelegate.h; sourceTree = "<group>"; };
		A882C42E1C90791900CB1439 /* AppDelegate.m */ = {isa = PBXFileReference; lastKnownFileType = sourcecode.c.objc; path = AppDelegate.m; sourceTree = "<group>"; };
		A882C4301C90791900CB1439 /* ViewController.h */ = {isa = PBXFileReference; lastKnownFileType = sourcecode.c.h; path = ViewController.h; sourceTree = "<group>"; };
		A882C4311C90791900CB1439 /* ViewController.m */ = {isa = PBXFileReference; lastKnownFileType = sourcecode.c.objc; path = ViewController.m; sourceTree = "<group>"; };
		A882C4341C90791900CB1439 /* Base */ = {isa = PBXFileReference; lastKnownFileType = file.storyboard; name = Base; path = Base.lproj/Main.storyboard; sourceTree = "<group>"; };
		A882C4361C90791900CB1439 /* Assets.xcassets */ = {isa = PBXFileReference; lastKnownFileType = folder.assetcatalog; path = Assets.xcassets; sourceTree = "<group>"; };
		A882C4391C90791900CB1439 /* Base */ = {isa = PBXFileReference; lastKnownFileType = file.storyboard; name = Base; path = Base.lproj/LaunchScreen.storyboard; sourceTree = "<group>"; };
		A882C43B1C90791900CB1439 /* Info.plist */ = {isa = PBXFileReference; lastKnownFileType = text.plist.xml; path = Info.plist; sourceTree = "<group>"; };
		A882C4401C90791900CB1439 /* 百思静Tests.xctest */ = {isa = PBXFileReference; explicitFileType = wrapper.cfbundle; includeInIndex = 0; path = "百思静Tests.xctest"; sourceTree = BUILT_PRODUCTS_DIR; };
		A882C4441C90791900CB1439 /* ___Tests.m */ = {isa = PBXFileReference; lastKnownFileType = sourcecode.c.objc; path = "___Tests.m"; sourceTree = "<group>"; };
		A882C4461C90791900CB1439 /* Info.plist */ = {isa = PBXFileReference; lastKnownFileType = text.plist.xml; path = Info.plist; sourceTree = "<group>"; };
		A882C44B1C90791900CB1439 /* 百思静UITests.xctest */ = {isa = PBXFileReference; explicitFileType = wrapper.cfbundle; includeInIndex = 0; path = "百思静UITests.xctest"; sourceTree = BUILT_PRODUCTS_DIR; };
		A882C44F1C90791900CB1439 /* ___UITests.m */ = {isa = PBXFileReference; lastKnownFileType = sourcecode.c.objc; path = "___UITests.m"; sourceTree = "<group>"; };
		A882C4511C90791900CB1439 /* Info.plist */ = {isa = PBXFileReference; lastKnownFileType = text.plist.xml; path = Info.plist; sourceTree = "<group>"; };
/* End PBXFileReference section */

/* Begin PBXFrameworksBuildPhase section */
		A882C4241C90791900CB1439 /* Frameworks */ = {
			isa = PBXFrameworksBuildPhase;
			buildActionMask = 2147483647;
			files = (
			);
			runOnlyForDeploymentPostprocessing = 0;
		};
		A882C43D1C90791900CB1439 /* Frameworks */ = {
			isa = PBXFrameworksBuildPhase;
			buildActionMask = 2147483647;
			files = (
			);
			runOnlyForDeploymentPostprocessing = 0;
		};
		A882C4481C90791900CB1439 /* Frameworks */ = {
			isa = PBXFrameworksBuildPhase;
			buildActionMask = 2147483647;
			files = (
			);
			runOnlyForDeploymentPostprocessing = 0;
		};
/* End PBXFrameworksBuildPhase section */

/* Begin PBXGroup section */
		A882C41E1C90791900CB1439 = {
			isa = PBXGroup;
			children = (
				A882C4291C90791900CB1439 /* 百思静 */,
				A882C4431C90791900CB1439 /* 百思静Tests */,
				A882C44E1C90791900CB1439 /* 百思静UITests */,
				A882C4281C90791900CB1439 /* Products */,
			);
			sourceTree = "<group>";
		};
		A882C4281C90791900CB1439 /* Products */ = {
			isa = PBXGroup;
			children = (
				A882C4271C90791900CB1439 /* 百思静.app */,
				A882C4401C90791900CB1439 /* 百思静Tests.xctest */,
				A882C44B1C90791900CB1439 /* 百思静UITests.xctest */,
			);
			name = Products;
			sourceTree = "<group>";
		};
		A882C4291C90791900CB1439 /* 百思静 */ = {
			isa = PBXGroup;
			children = (
				A882C42D1C90791900CB1439 /* AppDelegate.h */,
				A882C42E1C90791900CB1439 /* AppDelegate.m */,
				A882C4301C90791900CB1439 /* ViewController.h */,
				A882C4311C90791900CB1439 /* ViewController.m */,
				A882C4331C90791900CB1439 /* Main.storyboard */,
				A882C4361C90791900CB1439 /* Assets.xcassets */,
				A882C4381C90791900CB1439 /* LaunchScreen.storyboard */,
				A882C43B1C90791900CB1439 /* Info.plist */,
				A882C42A1C90791900CB1439 /* Supporting Files */,
			);
			path = "百思静";
			sourceTree = "<group>";
		};
		A882C42A1C90791900CB1439 /* Supporting Files */ = {
			isa = PBXGroup;
			children = (
				A882C42B1C90791900CB1439 /* main.m */,
			);
			name = "Supporting Files";
			sourceTree = "<group>";
		};
		A882C4431C90791900CB1439 /* 百思静Tests */ = {
			isa = PBXGroup;
			children = (
				A882C4441C90791900CB1439 /* ___Tests.m */,
				A882C4461C90791900CB1439 /* Info.plist */,
			);
			path = "百思静Tests";
			sourceTree = "<group>";
		};
		A882C44E1C90791900CB1439 /* 百思静UITests */ = {
			isa = PBXGroup;
			children = (
				A882C44F1C90791900CB1439 /* ___UITests.m */,
				A882C4511C90791900CB1439 /* Info.plist */,
			);
			path = "百思静UITests";
			sourceTree = "<group>";
		};
/* End PBXGroup section */

/* Begin PBXNativeTarget section */
		A882C4261C90791900CB1439 /* 百思静 */ = {
			isa = PBXNativeTarget;
			buildConfigurationList = A882C4541C90791900CB1439 /* Build configuration list for PBXNativeTarget "百思静" */;
			buildPhases = (
				A882C4231C90791900CB1439 /* Sources */,
				A882C4241C90791900CB1439 /* Frameworks */,
				A882C4251C90791900CB1439 /* Resources */,
			);
			buildRules = (
			);
			dependencies = (
			);
			name = "百思静";
			productName = "百思静";
			productReference = A882C4271C90791900CB1439 /* 百思静.app */;
			productType = "com.apple.product-type.application";
		};
		A882C43F1C90791900CB1439 /* 百思静Tests */ = {
			isa = PBXNativeTarget;
			buildConfigurationList = A882C4571C90791900CB1439 /* Build configuration list for PBXNativeTarget "百思静Tests" */;
			buildPhases = (
				A882C43C1C90791900CB1439 /* Sources */,
				A882C43D1C90791900CB1439 /* Frameworks */,
				A882C43E1C90791900CB1439 /* Resources */,
			);
			buildRules = (
			);
			dependencies = (
				A882C4421C90791900CB1439 /* PBXTargetDependency */,
			);
			name = "百思静Tests";
			productName = "百思静Tests";
			productReference = A882C4401C90791900CB1439 /* 百思静Tests.xctest */;
			productType = "com.apple.product-type.bundle.unit-test";
		};
		A882C44A1C90791900CB1439 /* 百思静UITests */ = {
			isa = PBXNativeTarget;
			buildConfigurationList = A882C45A1C90791900CB1439 /* Build configuration list for PBXNativeTarget "百思静UITests" */;
			buildPhases = (
				A882C4471C90791900CB1439 /* Sources */,
				A882C4481C90791900CB1439 /* Frameworks */,
				A882C4491C90791900CB1439 /* Resources */,
			);
			buildRules = (
			);
			dependencies = (
				A882C44D1C90791900CB1439 /* PBXTargetDependency */,
			);
			name = "百思静UITests";
			productName = "百思静UITests";
			productReference = A882C44B1C90791900CB1439 /* 百思静UITests.xctest */;
			productType = "com.apple.product-type.bundle.ui-testing";
		};
/* End PBXNativeTarget section */

/* Begin PBXProject section */
		A882C41F1C90791900CB1439 /* Project object */ = {
			isa = PBXProject;
			attributes = {
				LastUpgradeCheck = 0720;
				ORGANIZATIONNAME = Upriver;
				TargetAttributes = {
					A882C4261C90791900CB1439 = {
						CreatedOnToolsVersion = 7.2.1;
						DevelopmentTeam = MBTTHTUMW2;
					};
					A882C43F1C90791900CB1439 = {
						CreatedOnToolsVersion = 7.2.1;
						DevelopmentTeam = MBTTHTUMW2;
						TestTargetID = A882C4261C90791900CB1439;
					};
					A882C44A1C90791900CB1439 = {
						CreatedOnToolsVersion = 7.2.1;
						DevelopmentTeam = MBTTHTUMW2;
						TestTargetID = A882C4261C90791900CB1439;
					};
				};
			};
			buildConfigurationList = A882C4221C90791900CB1439 /* Build configuration list for PBXProject "百思静" */;
			compatibilityVersion = "Xcode 3.2";
			developmentRegion = English;
			hasScannedForEncodings = 0;
			knownRegions = (
				en,
				Base,
			);
			mainGroup = A882C41E1C90791900CB1439;
			productRefGroup = A882C4281C90791900CB1439 /* Products */;
			projectDirPath = "";
			projectRoot = "";
			targets = (
				A882C4261C90791900CB1439 /* 百思静 */,
				A882C43F1C90791900CB1439 /* 百思静Tests */,
				A882C44A1C90791900CB1439 /* 百思静UITests */,
			);
		};
/* End PBXProject section */

/* Begin PBXResourcesBuildPhase section */
		A882C4251C90791900CB1439 /* Resources */ = {
			isa = PBXResourcesBuildPhase;
			buildActionMask = 2147483647;
			files = (
				A882C43A1C90791900CB1439 /* LaunchScreen.storyboard in Resources */,
				A882C4371C90791900CB1439 /* Assets.xcassets in Resources */,
				A882C4351C90791900CB1439 /* Main.storyboard in Resources */,
			);
			runOnlyForDeploymentPostprocessing = 0;
		};
		A882C43E1C90791900CB1439 /* Resources */ = {
			isa = PBXResourcesBuildPhase;
			buildActionMask = 2147483647;
			files = (
			);
			runOnlyForDeploymentPostprocessing = 0;
		};
		A882C4491C90791900CB1439 /* Resources */ = {
			isa = PBXResourcesBuildPhase;
			buildActionMask = 2147483647;
			files = (
			);
			runOnlyForDeploymentPostprocessing = 0;
		};
/* End PBXResourcesBuildPhase section */

/* Begin PBXSourcesBuildPhase section */
		A882C4231C90791900CB1439 /* Sources */ = {
			isa = PBXSourcesBuildPhase;
			buildActionMask = 2147483647;
			files = (
				A882C4321C90791900CB1439 /* ViewController.m in Sources */,
				A882C42F1C90791900CB1439 /* AppDelegate.m in Sources */,
				A882C42C1C90791900CB1439 /* main.m in Sources */,
			);
			runOnlyForDeploymentPostprocessing = 0;
		};
		A882C43C1C90791900CB1439 /* Sources */ = {
			isa = PBXSourcesBuildPhase;
			buildActionMask = 2147483647;
			files = (
				A882C4451C90791900CB1439 /* ___Tests.m in Sources */,
			);
			runOnlyForDeploymentPostprocessing = 0;
		};
		A882C4471C90791900CB1439 /* Sources */ = {
			isa = PBXSourcesBuildPhase;
			buildActionMask = 2147483647;
			files = (
				A882C4501C90791900CB1439 /* ___UITests.m in Sources */,
			);
			runOnlyForDeploymentPostprocessing = 0;
		};
/* End PBXSourcesBuildPhase section */

/* Begin PBXTargetDependency section */
		A882C4421C90791900CB1439 /* PBXTargetDependency */ = {
			isa = PBXTargetDependency;
			target = A882C4261C90791900CB1439 /* 百思静 */;
			targetProxy = A882C4411C90791900CB1439 /* PBXContainerItemProxy */;
		};
		A882C44D1C90791900CB1439 /* PBXTargetDependency */ = {
			isa = PBXTargetDependency;
			target = A882C4261C90791900CB1439 /* 百思静 */;
			targetProxy = A882C44C1C90791900CB1439 /* PBXContainerItemProxy */;
		};
/* End PBXTargetDependency section */

/* Begin PBXVariantGroup section */
		A882C4331C90791900CB1439 /* Main.storyboard */ = {
			isa = PBXVariantGroup;
			children = (
				A882C4341C90791900CB1439 /* Base */,
			);
			name = Main.storyboard;
			sourceTree = "<group>";
		};
		A882C4381C90791900CB1439 /* LaunchScreen.storyboard */ = {
			isa = PBXVariantGroup;
			children = (
				A882C4391C90791900CB1439 /* Base */,
			);
			name = LaunchScreen.storyboard;
			sourceTree = "<group>";
		};
/* End PBXVariantGroup section */

/* Begin XCBuildConfiguration section */
		A882C4521C90791900CB1439 /* Debug */ = {
			isa = XCBuildConfiguration;
			buildSettings = {
				ALWAYS_SEARCH_USER_PATHS = NO;
				CLANG_CXX_LANGUAGE_STANDARD = "gnu++0x";
				CLANG_CXX_LIBRARY = "libc++";
				CLANG_ENABLE_MODULES = YES;
				CLANG_ENABLE_OBJC_ARC = YES;
				CLANG_WARN_BOOL_CONVERSION = YES;
				CLANG_WARN_CONSTANT_CONVERSION = YES;
				CLANG_WARN_DIRECT_OBJC_ISA_USAGE = YES_ERROR;
				CLANG_WARN_EMPTY_BODY = YES;
				CLANG_WARN_ENUM_CONVERSION = YES;
				CLANG_WARN_INT_CONVERSION = YES;
				CLANG_WARN_OBJC_ROOT_CLASS = YES_ERROR;
				CLANG_WARN_UNREACHABLE_CODE = YES;
				CLANG_WARN__DUPLICATE_METHOD_MATCH = YES;
				"CODE_SIGN_IDENTITY[sdk=iphoneos*]" = "iPhone Developer";
				COPY_PHASE_STRIP = NO;
				DEBUG_INFORMATION_FORMAT = dwarf;
				ENABLE_STRICT_OBJC_MSGSEND = YES;
				ENABLE_TESTABILITY = YES;
				GCC_C_LANGUAGE_STANDARD = gnu99;
				GCC_DYNAMIC_NO_PIC = NO;
				GCC_NO_COMMON_BLOCKS = YES;
				GCC_OPTIMIZATION_LEVEL = 0;
				GCC_PREPROCESSOR_DEFINITIONS = (
					"DEBUG=1",
					"$(inherited)",
				);
				GCC_WARN_64_TO_32_BIT_CONVERSION = YES;
				GCC_WARN_ABOUT_RETURN_TYPE = YES_ERROR;
				GCC_WARN_UNDECLARED_SELECTOR = YES;
				GCC_WARN_UNINITIALIZED_AUTOS = YES_AGGRESSIVE;
				GCC_WARN_UNUSED_FUNCTION = YES;
				GCC_WARN_UNUSED_VARIABLE = YES;
				IPHONEOS_DEPLOYMENT_TARGET = 9.2;
				MTL_ENABLE_DEBUG_INFO = YES;
				ONLY_ACTIVE_ARCH = YES;
				SDKROOT = iphoneos;
				TARGETED_DEVICE_FAMILY = "1,2";
			};
			name = Debug;
		};
		A882C4531C90791900CB1439 /* Release */ = {
			isa = XCBuildConfiguration;
			buildSettings = {
				ALWAYS_SEARCH_USER_PATHS = NO;
				CLANG_CXX_LANGUAGE_STANDARD = "gnu++0x";
				CLANG_CXX_LIBRARY = "libc++";
				CLANG_ENABLE_MODULES = YES;
				CLANG_ENABLE_OBJC_ARC = YES;
				CLANG_WARN_BOOL_CONVERSION = YES;
				CLANG_WARN_CONSTANT_CONVERSION = YES;
				CLANG_WARN_DIRECT_OBJC_ISA_USAGE = YES_ERROR;
				CLANG_WARN_EMPTY_BODY = YES;
				CLANG_WARN_ENUM_CONVERSION = YES;
				CLANG_WARN_INT_CONVERSION = YES;
				CLANG_WARN_OBJC_ROOT_CLASS = YES_ERROR;
				CLANG_WARN_UNREACHABLE_CODE = YES;
				CLANG_WARN__DUPLICATE_METHOD_MATCH = YES;
				"CODE_SIGN_IDENTITY[sdk=iphoneos*]" = "iPhone Developer";
				COPY_PHASE_STRIP = NO;
				DEBUG_INFORMATION_FORMAT = "dwarf-with-dsym";
				ENABLE_NS_ASSERTIONS = NO;
				ENABLE_STRICT_OBJC_MSGSEND = YES;
				GCC_C_LANGUAGE_STANDARD = gnu99;
				GCC_NO_COMMON_BLOCKS = YES;
				GCC_WARN_64_TO_32_BIT_CONVERSION = YES;
				GCC_WARN_ABOUT_RETURN_TYPE = YES_ERROR;
				GCC_WARN_UNDECLARED_SELECTOR = YES;
				GCC_WARN_UNINITIALIZED_AUTOS = YES_AGGRESSIVE;
				GCC_WARN_UNUSED_FUNCTION = YES;
				GCC_WARN_UNUSED_VARIABLE = YES;
				IPHONEOS_DEPLOYMENT_TARGET = 9.2;
				MTL_ENABLE_DEBUG_INFO = NO;
				SDKROOT = iphoneos;
				TARGETED_DEVICE_FAMILY = "1,2";
				VALIDATE_PRODUCT = YES;
			};
			name = Release;
		};
		A882C4551C90791900CB1439 /* Debug */ = {
			isa = XCBuildConfiguration;
			buildSettings = {
				ASSETCATALOG_COMPILER_APPICON_NAME = AppIcon;
				INFOPLIST_FILE = "百思静/Info.plist";
				LD_RUNPATH_SEARCH_PATHS = "$(inherited) @executable_path/Frameworks";
				PRODUCT_BUNDLE_IDENTIFIER = "LL.---";
				PRODUCT_NAME = "$(TARGET_NAME)";
			};
			name = Debug;
		};
		A882C4561C90791900CB1439 /* Release */ = {
			isa = XCBuildConfiguration;
			buildSettings = {
				ASSETCATALOG_COMPILER_APPICON_NAME = AppIcon;
				INFOPLIST_FILE = "百思静/Info.plist";
				LD_RUNPATH_SEARCH_PATHS = "$(inherited) @executable_path/Frameworks";
				PRODUCT_BUNDLE_IDENTIFIER = "LL.---";
				PRODUCT_NAME = "$(TARGET_NAME)";
			};
			name = Release;
		};
		A882C4581C90791900CB1439 /* Debug */ = {
			isa = XCBuildConfiguration;
			buildSettings = {
				BUNDLE_LOADER = "$(TEST_HOST)";
				INFOPLIST_FILE = "百思静Tests/Info.plist";
				LD_RUNPATH_SEARCH_PATHS = "$(inherited) @executable_path/Frameworks @loader_path/Frameworks";
				PRODUCT_BUNDLE_IDENTIFIER = "LL.---Tests";
				PRODUCT_NAME = "$(TARGET_NAME)";
				TEST_HOST = "$(BUILT_PRODUCTS_DIR)/百思静.app/百思静";
			};
			name = Debug;
		};
		A882C4591C90791900CB1439 /* Release */ = {
			isa = XCBuildConfiguration;
			buildSettings = {
				BUNDLE_LOADER = "$(TEST_HOST)";
				INFOPLIST_FILE = "百思静Tests/Info.plist";
				LD_RUNPATH_SEARCH_PATHS = "$(inherited) @executable_path/Frameworks @loader_path/Frameworks";
				PRODUCT_BUNDLE_IDENTIFIER = "LL.---Tests";
				PRODUCT_NAME = "$(TARGET_NAME)";
				TEST_HOST = "$(BUILT_PRODUCTS_DIR)/百思静.app/百思静";
			};
			name = Release;
		};
		A882C45B1C90791900CB1439 /* Debug */ = {
			isa = XCBuildConfiguration;
			buildSettings = {
				INFOPLIST_FILE = "百思静UITests/Info.plist";
				LD_RUNPATH_SEARCH_PATHS = "$(inherited) @executable_path/Frameworks @loader_path/Frameworks";
				PRODUCT_BUNDLE_IDENTIFIER = "LL.---UITests";
				PRODUCT_NAME = "$(TARGET_NAME)";
				TEST_TARGET_NAME = "百思静";
				USES_XCTRUNNER = YES;
			};
			name = Debug;
		};
		A882C45C1C90791900CB1439 /* Release */ = {
			isa = XCBuildConfiguration;
			buildSettings = {
				INFOPLIST_FILE = "百思静UITests/Info.plist";
				LD_RUNPATH_SEARCH_PATHS = "$(inherited) @executable_path/Frameworks @loader_path/Frameworks";
				PRODUCT_BUNDLE_IDENTIFIER = "LL.---UITests";
				PRODUCT_NAME = "$(TARGET_NAME)";
				TEST_TARGET_NAME = "百思静";
				USES_XCTRUNNER = YES;
			};
			name = Release;
		};
/* End XCBuildConfiguration section */

/* Begin XCConfigurationList section */
		A882C4221C90791900CB1439 /* Build configuration list for PBXProject "百思静" */ = {
			isa = XCConfigurationList;
			buildConfigurations = (
				A882C4521C90791900CB1439 /* Debug */,
				A882C4531C90791900CB1439 /* Release */,
			);
			defaultConfigurationIsVisible = 0;
			defaultConfigurationName = Release;
		};
		A882C4541C90791900CB1439 /* Build configuration list for PBXNativeTarget "百思静" */ = {
			isa = XCConfigurationList;
			buildConfigurations = (
				A882C4551C90791900CB1439 /* Debug */,
				A882C4561C90791900CB1439 /* Release */,
			);
			defaultConfigurationIsVisible = 0;
		};
		A882C4571C90791900CB1439 /* Build configuration list for PBXNativeTarget "百思静Tests" */ = {
			isa = XCConfigurationList;
			buildConfigurations = (
				A882C4581C90791900CB1439 /* Debug */,
				A882C4591C90791900CB1439 /* Release */,
			);
			defaultConfigurationIsVisible = 0;
		};
		A882C45A1C90791900CB1439 /* Build configuration list for PBXNativeTarget "百思静UITests" */ = {
			isa = XCConfigurationList;
			buildConfigurations = (
				A882C45B1C90791900CB1439 /* Debug */,
				A882C45C1C90791900CB1439 /* Release */,
			);
			defaultConfigurationIsVisible = 0;
		};
/* End XCConfigurationList section */
	};
	rootObject = A882C41F1C90791900CB1439 /* Project object */;
}
