// !$*UTF8*$!
{
	archiveVersion = 1;
	classes = {
	};
	objectVersion = 46;
	objects = {

/* Begin PBXBuildFile section */
		65D29477BDE76AF3C7E73BFB /* libPods.a in Frameworks */ = {isa = PBXBuildFile; fileRef = D9A7E259EDF3FED6866EAE0B /* libPods.a */; };
		A80D3F9F1C90B14500B03DC2 /* LJRecommandViewController.m in Sources */ = {isa = PBXBuildFile; fileRef = A80D3F9D1C90B14500B03DC2 /* LJRecommandViewController.m */; };
		A80D3FA01C90B14500B03DC2 /* LJRecommandViewController.xib in Resources */ = {isa = PBXBuildFile; fileRef = A80D3F9E1C90B14500B03DC2 /* LJRecommandViewController.xib */; };
		A81165EA1C92B2B400E27084 /* LJRegistLoginController.m in Sources */ = {isa = PBXBuildFile; fileRef = A81165E81C92B2B400E27084 /* LJRegistLoginController.m */; };
		A81165EB1C92B2B400E27084 /* LJRegistLoginController.xib in Resources */ = {isa = PBXBuildFile; fileRef = A81165E91C92B2B400E27084 /* LJRegistLoginController.xib */; };
		A81165EE1C92B84D00E27084 /* LJVerticalButton.m in Sources */ = {isa = PBXBuildFile; fileRef = A81165ED1C92B84D00E27084 /* LJVerticalButton.m */; };
		A8233CA01CA40F72002032BF /* LJPushGuideView.m in Sources */ = {isa = PBXBuildFile; fileRef = A8233C9F1CA40F72002032BF /* LJPushGuideView.m */; };
		A8233CA21CA40F7F002032BF /* LJPushGuideView.xib in Resources */ = {isa = PBXBuildFile; fileRef = A8233CA11CA40F7F002032BF /* LJPushGuideView.xib */; };
		A8257DBB1CA44A21008CDD0A /* LJAllViewController.m in Sources */ = {isa = PBXBuildFile; fileRef = A8257DBA1CA44A21008CDD0A /* LJAllViewController.m */; };
		A8257DBE1CA44A32008CDD0A /* LJVedioViewController.m in Sources */ = {isa = PBXBuildFile; fileRef = A8257DBD1CA44A32008CDD0A /* LJVedioViewController.m */; };
		A8257DC11CA44A3E008CDD0A /* LJVoiceViewController.m in Sources */ = {isa = PBXBuildFile; fileRef = A8257DC01CA44A3E008CDD0A /* LJVoiceViewController.m */; };
		A8257DC41CA44A4A008CDD0A /* LJWordViewController.m in Sources */ = {isa = PBXBuildFile; fileRef = A8257DC31CA44A4A008CDD0A /* LJWordViewController.m */; };
		A8257DC71CA44A68008CDD0A /* LJPictureViewController.m in Sources */ = {isa = PBXBuildFile; fileRef = A8257DC61CA44A68008CDD0A /* LJPictureViewController.m */; };
		A832B80E1C91E143000FF5BB /* LJRecommandTagViewController.m in Sources */ = {isa = PBXBuildFile; fileRef = A832B80D1C91E143000FF5BB /* LJRecommandTagViewController.m */; };
		A832B8111C91E3FA000FF5BB /* LJRecommandTag.m in Sources */ = {isa = PBXBuildFile; fileRef = A832B8101C91E3FA000FF5BB /* LJRecommandTag.m */; };
		A832B8151C91E52D000FF5BB /* LJRecommandTagCell.m in Sources */ = {isa = PBXBuildFile; fileRef = A832B8131C91E52D000FF5BB /* LJRecommandTagCell.m */; };
		A832B8161C91E52D000FF5BB /* LJRecommandTagCell.xib in Resources */ = {isa = PBXBuildFile; fileRef = A832B8141C91E52D000FF5BB /* LJRecommandTagCell.xib */; };
		A880CDFC1C90B4C000BFA071 /* Foundation+Log.m in Sources */ = {isa = PBXBuildFile; fileRef = A880CDFB1C90B4C000BFA071 /* Foundation+Log.m */; };
		A882C4761C907A1A00CB1439 /* Assets.xcassets in Resources */ = {isa = PBXBuildFile; fileRef = A882C4751C907A1A00CB1439 /* Assets.xcassets */; };
		A882C4841C907A1A00CB1439 /* ___Tests.m in Sources */ = {isa = PBXBuildFile; fileRef = A882C4831C907A1A00CB1439 /* ___Tests.m */; };
		A882C48F1C907A1A00CB1439 /* ___UITests.m in Sources */ = {isa = PBXBuildFile; fileRef = A882C48E1C907A1A00CB1439 /* ___UITests.m */; };
		A882C4DE1C90987000CB1439 /* LJEssenceViewController.m in Sources */ = {isa = PBXBuildFile; fileRef = A882C4B91C90987000CB1439 /* LJEssenceViewController.m */; };
		A882C4DF1C90987000CB1439 /* LJFriendTrendsViewController.m in Sources */ = {isa = PBXBuildFile; fileRef = A882C4BF1C90987000CB1439 /* LJFriendTrendsViewController.m */; };
		A882C4E01C90987000CB1439 /* LJMeViewController.m in Sources */ = {isa = PBXBuildFile; fileRef = A882C4C51C90987000CB1439 /* LJMeViewController.m */; };
		A882C4E11C90987000CB1439 /* LJNewViewController.m in Sources */ = {isa = PBXBuildFile; fileRef = A882C4CB1C90987000CB1439 /* LJNewViewController.m */; };
		A882C4E21C90987000CB1439 /* AppDelegate.m in Sources */ = {isa = PBXBuildFile; fileRef = A882C4D01C90987000CB1439 /* AppDelegate.m */; };
		A882C4E31C90987000CB1439 /* UIBarButtonItem+LJExtension.m in Sources */ = {isa = PBXBuildFile; fileRef = A882C4D31C90987000CB1439 /* UIBarButtonItem+LJExtension.m */; };
		A882C4E41C90987000CB1439 /* UIView+LJExtensionFrame.m in Sources */ = {isa = PBXBuildFile; fileRef = A882C4D51C90987000CB1439 /* UIView+LJExtensionFrame.m */; };
		A882C4E51C90987000CB1439 /* LJTabBarController.m in Sources */ = {isa = PBXBuildFile; fileRef = A882C4D81C90987000CB1439 /* LJTabBarController.m */; };
		A882C4E61C90987000CB1439 /* main.m in Sources */ = {isa = PBXBuildFile; fileRef = A882C4D91C90987000CB1439 /* main.m */; };
		A882C4E71C90987000CB1439 /* LJTabBar.m in Sources */ = {isa = PBXBuildFile; fileRef = A882C4DD1C90987000CB1439 /* LJTabBar.m */; };
		A882C4EA1C909E9400CB1439 /* LJNavgationController.m in Sources */ = {isa = PBXBuildFile; fileRef = A882C4E91C909E9400CB1439 /* LJNavgationController.m */; };
		A882C4EC1C90A9DE00CB1439 /* LJFriendTrendsViewController.xib in Resources */ = {isa = PBXBuildFile; fileRef = A882C4EB1C90A9DE00CB1439 /* LJFriendTrendsViewController.xib */; };
		A8F2AA871C931EB5005666D2 /* LJTextField.m in Sources */ = {isa = PBXBuildFile; fileRef = A8F2AA861C931EB5005666D2 /* LJTextField.m */; };
		A8FC943B1C91562D00366652 /* LJRecommandCategory.m in Sources */ = {isa = PBXBuildFile; fileRef = A8FC943A1C91562D00366652 /* LJRecommandCategory.m */; };
		A8FC943F1C91597900366652 /* LJCatategoryCell.m in Sources */ = {isa = PBXBuildFile; fileRef = A8FC943D1C91597900366652 /* LJCatategoryCell.m */; };
		A8FC94401C91597900366652 /* LJCatategoryCell.xib in Resources */ = {isa = PBXBuildFile; fileRef = A8FC943E1C91597900366652 /* LJCatategoryCell.xib */; };
		A8FC94441C917CA900366652 /* LJRecommandUserCell.m in Sources */ = {isa = PBXBuildFile; fileRef = A8FC94421C917CA900366652 /* LJRecommandUserCell.m */; };
		A8FC94451C917CA900366652 /* LJRecommandUserCell.xib in Resources */ = {isa = PBXBuildFile; fileRef = A8FC94431C917CA900366652 /* LJRecommandUserCell.xib */; };
		A8FC94481C91806800366652 /* LJRecommandUser.m in Sources */ = {isa = PBXBuildFile; fileRef = A8FC94471C91806800366652 /* LJRecommandUser.m */; };
/* End PBXBuildFile section */

/* Begin PBXContainerItemProxy section */
		A882C4801C907A1A00CB1439 /* PBXContainerItemProxy */ = {
			isa = PBXContainerItemProxy;
			containerPortal = A882C45E1C907A1A00CB1439 /* Project object */;
			proxyType = 1;
			remoteGlobalIDString = A882C4651C907A1A00CB1439;
			remoteInfo = "百思静";
		};
		A882C48B1C907A1A00CB1439 /* PBXContainerItemProxy */ = {
			isa = PBXContainerItemProxy;
			containerPortal = A882C45E1C907A1A00CB1439 /* Project object */;
			proxyType = 1;
			remoteGlobalIDString = A882C4651C907A1A00CB1439;
			remoteInfo = "百思静";
		};
/* End PBXContainerItemProxy section */

/* Begin PBXFileReference section */
		23BF130B71411DBBD5911FF1 /* Pods.debug.xcconfig */ = {isa = PBXFileReference; includeInIndex = 1; lastKnownFileType = text.xcconfig; name = Pods.debug.xcconfig; path = "Pods/Target Support Files/Pods/Pods.debug.xcconfig"; sourceTree = "<group>"; };
		4FD73C4E1EA84F0C991E5B73 /* Pods.release.xcconfig */ = {isa = PBXFileReference; includeInIndex = 1; lastKnownFileType = text.xcconfig; name = Pods.release.xcconfig; path = "Pods/Target Support Files/Pods/Pods.release.xcconfig"; sourceTree = "<group>"; };
		A80D3F9C1C90B14500B03DC2 /* LJRecommandViewController.h */ = {isa = PBXFileReference; fileEncoding = 4; lastKnownFileType = sourcecode.c.h; path = LJRecommandViewController.h; sourceTree = "<group>"; };
		A80D3F9D1C90B14500B03DC2 /* LJRecommandViewController.m */ = {isa = PBXFileReference; fileEncoding = 4; lastKnownFileType = sourcecode.c.objc; path = LJRecommandViewController.m; sourceTree = "<group>"; };
		A80D3F9E1C90B14500B03DC2 /* LJRecommandViewController.xib */ = {isa = PBXFileReference; fileEncoding = 4; lastKnownFileType = file.xib; path = LJRecommandViewController.xib; sourceTree = "<group>"; };
		A81165E71C92B2B400E27084 /* LJRegistLoginController.h */ = {isa = PBXFileReference; fileEncoding = 4; lastKnownFileType = sourcecode.c.h; path = LJRegistLoginController.h; sourceTree = "<group>"; };
		A81165E81C92B2B400E27084 /* LJRegistLoginController.m */ = {isa = PBXFileReference; fileEncoding = 4; lastKnownFileType = sourcecode.c.objc; path = LJRegistLoginController.m; sourceTree = "<group>"; };
		A81165E91C92B2B400E27084 /* LJRegistLoginController.xib */ = {isa = PBXFileReference; fileEncoding = 4; lastKnownFileType = file.xib; path = LJRegistLoginController.xib; sourceTree = "<group>"; };
		A81165EC1C92B84D00E27084 /* LJVerticalButton.h */ = {isa = PBXFileReference; fileEncoding = 4; lastKnownFileType = sourcecode.c.h; path = LJVerticalButton.h; sourceTree = "<group>"; };
		A81165ED1C92B84D00E27084 /* LJVerticalButton.m */ = {isa = PBXFileReference; fileEncoding = 4; lastKnownFileType = sourcecode.c.objc; path = LJVerticalButton.m; sourceTree = "<group>"; };
		A8233C9E1CA40F72002032BF /* LJPushGuideView.h */ = {isa = PBXFileReference; fileEncoding = 4; lastKnownFileType = sourcecode.c.h; path = LJPushGuideView.h; sourceTree = "<group>"; };
		A8233C9F1CA40F72002032BF /* LJPushGuideView.m */ = {isa = PBXFileReference; fileEncoding = 4; lastKnownFileType = sourcecode.c.objc; path = LJPushGuideView.m; sourceTree = "<group>"; };
		A8233CA11CA40F7F002032BF /* LJPushGuideView.xib */ = {isa = PBXFileReference; fileEncoding = 4; lastKnownFileType = file.xib; path = LJPushGuideView.xib; sourceTree = "<group>"; };
		A8257DB91CA44A21008CDD0A /* LJAllViewController.h */ = {isa = PBXFileReference; fileEncoding = 4; lastKnownFileType = sourcecode.c.h; path = LJAllViewController.h; sourceTree = "<group>"; };
		A8257DBA1CA44A21008CDD0A /* LJAllViewController.m */ = {isa = PBXFileReference; fileEncoding = 4; lastKnownFileType = sourcecode.c.objc; path = LJAllViewController.m; sourceTree = "<group>"; };
		A8257DBC1CA44A32008CDD0A /* LJVedioViewController.h */ = {isa = PBXFileReference; fileEncoding = 4; lastKnownFileType = sourcecode.c.h; path = LJVedioViewController.h; sourceTree = "<group>"; };
		A8257DBD1CA44A32008CDD0A /* LJVedioViewController.m */ = {isa = PBXFileReference; fileEncoding = 4; lastKnownFileType = sourcecode.c.objc; path = LJVedioViewController.m; sourceTree = "<group>"; };
		A8257DBF1CA44A3E008CDD0A /* LJVoiceViewController.h */ = {isa = PBXFileReference; fileEncoding = 4; lastKnownFileType = sourcecode.c.h; path = LJVoiceViewController.h; sourceTree = "<group>"; };
		A8257DC01CA44A3E008CDD0A /* LJVoiceViewController.m */ = {isa = PBXFileReference; fileEncoding = 4; lastKnownFileType = sourcecode.c.objc; path = LJVoiceViewController.m; sourceTree = "<group>"; };
		A8257DC21CA44A4A008CDD0A /* LJWordViewController.h */ = {isa = PBXFileReference; fileEncoding = 4; lastKnownFileType = sourcecode.c.h; path = LJWordViewController.h; sourceTree = "<group>"; };
		A8257DC31CA44A4A008CDD0A /* LJWordViewController.m */ = {isa = PBXFileReference; fileEncoding = 4; lastKnownFileType = sourcecode.c.objc; path = LJWordViewController.m; sourceTree = "<group>"; };
		A8257DC51CA44A68008CDD0A /* LJPictureViewController.h */ = {isa = PBXFileReference; fileEncoding = 4; lastKnownFileType = sourcecode.c.h; path = LJPictureViewController.h; sourceTree = "<group>"; };
		A8257DC61CA44A68008CDD0A /* LJPictureViewController.m */ = {isa = PBXFileReference; fileEncoding = 4; lastKnownFileType = sourcecode.c.objc; path = LJPictureViewController.m; sourceTree = "<group>"; };
		A832B80C1C91E143000FF5BB /* LJRecommandTagViewController.h */ = {isa = PBXFileReference; fileEncoding = 4; lastKnownFileType = sourcecode.c.h; path = LJRecommandTagViewController.h; sourceTree = "<group>"; };
		A832B80D1C91E143000FF5BB /* LJRecommandTagViewController.m */ = {isa = PBXFileReference; fileEncoding = 4; lastKnownFileType = sourcecode.c.objc; path = LJRecommandTagViewController.m; sourceTree = "<group>"; };
		A832B80F1C91E3FA000FF5BB /* LJRecommandTag.h */ = {isa = PBXFileReference; fileEncoding = 4; lastKnownFileType = sourcecode.c.h; path = LJRecommandTag.h; sourceTree = "<group>"; };
		A832B8101C91E3FA000FF5BB /* LJRecommandTag.m */ = {isa = PBXFileReference; fileEncoding = 4; lastKnownFileType = sourcecode.c.objc; path = LJRecommandTag.m; sourceTree = "<group>"; };
		A832B8121C91E52D000FF5BB /* LJRecommandTagCell.h */ = {isa = PBXFileReference; fileEncoding = 4; lastKnownFileType = sourcecode.c.h; path = LJRecommandTagCell.h; sourceTree = "<group>"; };
		A832B8131C91E52D000FF5BB /* LJRecommandTagCell.m */ = {isa = PBXFileReference; fileEncoding = 4; lastKnownFileType = sourcecode.c.objc; path = LJRecommandTagCell.m; sourceTree = "<group>"; };
		A832B8141C91E52D000FF5BB /* LJRecommandTagCell.xib */ = {isa = PBXFileReference; fileEncoding = 4; lastKnownFileType = file.xib; path = LJRecommandTagCell.xib; sourceTree = "<group>"; };
		A880CDFB1C90B4C000BFA071 /* Foundation+Log.m */ = {isa = PBXFileReference; fileEncoding = 4; lastKnownFileType = sourcecode.c.objc; path = "Foundation+Log.m"; sourceTree = "<group>"; };
		A882C4661C907A1A00CB1439 /* 百思静.app */ = {isa = PBXFileReference; explicitFileType = wrapper.application; includeInIndex = 0; path = "百思静.app"; sourceTree = BUILT_PRODUCTS_DIR; };
		A882C4751C907A1A00CB1439 /* Assets.xcassets */ = {isa = PBXFileReference; lastKnownFileType = folder.assetcatalog; path = Assets.xcassets; sourceTree = "<group>"; };
		A882C47A1C907A1A00CB1439 /* Info.plist */ = {isa = PBXFileReference; lastKnownFileType = text.plist.xml; path = Info.plist; sourceTree = "<group>"; };
		A882C47F1C907A1A00CB1439 /* 百思静Tests.xctest */ = {isa = PBXFileReference; explicitFileType = wrapper.cfbundle; includeInIndex = 0; path = "百思静Tests.xctest"; sourceTree = BUILT_PRODUCTS_DIR; };
		A882C4831C907A1A00CB1439 /* ___Tests.m */ = {isa = PBXFileReference; lastKnownFileType = sourcecode.c.objc; path = "___Tests.m"; sourceTree = "<group>"; };
		A882C4851C907A1A00CB1439 /* Info.plist */ = {isa = PBXFileReference; lastKnownFileType = text.plist.xml; path = Info.plist; sourceTree = "<group>"; };
		A882C48A1C907A1A00CB1439 /* 百思静UITests.xctest */ = {isa = PBXFileReference; explicitFileType = wrapper.cfbundle; includeInIndex = 0; path = "百思静UITests.xctest"; sourceTree = BUILT_PRODUCTS_DIR; };
		A882C48E1C907A1A00CB1439 /* ___UITests.m */ = {isa = PBXFileReference; lastKnownFileType = sourcecode.c.objc; path = "___UITests.m"; sourceTree = "<group>"; };
		A882C4901C907A1A00CB1439 /* Info.plist */ = {isa = PBXFileReference; lastKnownFileType = text.plist.xml; path = Info.plist; sourceTree = "<group>"; };
		A882C4B81C90987000CB1439 /* LJEssenceViewController.h */ = {isa = PBXFileReference; fileEncoding = 4; lastKnownFileType = sourcecode.c.h; path = LJEssenceViewController.h; sourceTree = "<group>"; };
		A882C4B91C90987000CB1439 /* LJEssenceViewController.m */ = {isa = PBXFileReference; fileEncoding = 4; lastKnownFileType = sourcecode.c.objc; path = LJEssenceViewController.m; sourceTree = "<group>"; };
		A882C4BE1C90987000CB1439 /* LJFriendTrendsViewController.h */ = {isa = PBXFileReference; fileEncoding = 4; lastKnownFileType = sourcecode.c.h; path = LJFriendTrendsViewController.h; sourceTree = "<group>"; };
		A882C4BF1C90987000CB1439 /* LJFriendTrendsViewController.m */ = {isa = PBXFileReference; fileEncoding = 4; lastKnownFileType = sourcecode.c.objc; path = LJFriendTrendsViewController.m; sourceTree = "<group>"; };
		A882C4C41C90987000CB1439 /* LJMeViewController.h */ = {isa = PBXFileReference; fileEncoding = 4; lastKnownFileType = sourcecode.c.h; path = LJMeViewController.h; sourceTree = "<group>"; };
		A882C4C51C90987000CB1439 /* LJMeViewController.m */ = {isa = PBXFileReference; fileEncoding = 4; lastKnownFileType = sourcecode.c.objc; path = LJMeViewController.m; sourceTree = "<group>"; };
		A882C4CA1C90987000CB1439 /* LJNewViewController.h */ = {isa = PBXFileReference; fileEncoding = 4; lastKnownFileType = sourcecode.c.h; path = LJNewViewController.h; sourceTree = "<group>"; };
		A882C4CB1C90987000CB1439 /* LJNewViewController.m */ = {isa = PBXFileReference; fileEncoding = 4; lastKnownFileType = sourcecode.c.objc; path = LJNewViewController.m; sourceTree = "<group>"; };
		A882C4CF1C90987000CB1439 /* AppDelegate.h */ = {isa = PBXFileReference; fileEncoding = 4; lastKnownFileType = sourcecode.c.h; path = AppDelegate.h; sourceTree = "<group>"; };
		A882C4D01C90987000CB1439 /* AppDelegate.m */ = {isa = PBXFileReference; fileEncoding = 4; lastKnownFileType = sourcecode.c.objc; path = AppDelegate.m; sourceTree = "<group>"; };
		A882C4D21C90987000CB1439 /* UIBarButtonItem+LJExtension.h */ = {isa = PBXFileReference; fileEncoding = 4; lastKnownFileType = sourcecode.c.h; path = "UIBarButtonItem+LJExtension.h"; sourceTree = "<group>"; };
		A882C4D31C90987000CB1439 /* UIBarButtonItem+LJExtension.m */ = {isa = PBXFileReference; fileEncoding = 4; lastKnownFileType = sourcecode.c.objc; path = "UIBarButtonItem+LJExtension.m"; sourceTree = "<group>"; };
		A882C4D41C90987000CB1439 /* UIView+LJExtensionFrame.h */ = {isa = PBXFileReference; fileEncoding = 4; lastKnownFileType = sourcecode.c.h; path = "UIView+LJExtensionFrame.h"; sourceTree = "<group>"; };
		A882C4D51C90987000CB1439 /* UIView+LJExtensionFrame.m */ = {isa = PBXFileReference; fileEncoding = 4; lastKnownFileType = sourcecode.c.objc; path = "UIView+LJExtensionFrame.m"; sourceTree = "<group>"; };
		A882C4D71C90987000CB1439 /* LJTabBarController.h */ = {isa = PBXFileReference; fileEncoding = 4; lastKnownFileType = sourcecode.c.h; path = LJTabBarController.h; sourceTree = "<group>"; };
		A882C4D81C90987000CB1439 /* LJTabBarController.m */ = {isa = PBXFileReference; fileEncoding = 4; lastKnownFileType = sourcecode.c.objc; path = LJTabBarController.m; sourceTree = "<group>"; };
		A882C4D91C90987000CB1439 /* main.m */ = {isa = PBXFileReference; fileEncoding = 4; lastKnownFileType = sourcecode.c.objc; path = main.m; sourceTree = "<group>"; };
		A882C4DA1C90987000CB1439 /* PrefixHeader.pch */ = {isa = PBXFileReference; fileEncoding = 4; lastKnownFileType = sourcecode.c.h; path = PrefixHeader.pch; sourceTree = "<group>"; };
		A882C4DC1C90987000CB1439 /* LJTabBar.h */ = {isa = PBXFileReference; fileEncoding = 4; lastKnownFileType = sourcecode.c.h; path = LJTabBar.h; sourceTree = "<group>"; };
		A882C4DD1C90987000CB1439 /* LJTabBar.m */ = {isa = PBXFileReference; fileEncoding = 4; lastKnownFileType = sourcecode.c.objc; path = LJTabBar.m; sourceTree = "<group>"; };
		A882C4E81C909E9400CB1439 /* LJNavgationController.h */ = {isa = PBXFileReference; fileEncoding = 4; lastKnownFileType = sourcecode.c.h; path = LJNavgationController.h; sourceTree = "<group>"; };
		A882C4E91C909E9400CB1439 /* LJNavgationController.m */ = {isa = PBXFileReference; fileEncoding = 4; lastKnownFileType = sourcecode.c.objc; path = LJNavgationController.m; sourceTree = "<group>"; };
		A882C4EB1C90A9DE00CB1439 /* LJFriendTrendsViewController.xib */ = {isa = PBXFileReference; fileEncoding = 4; lastKnownFileType = file.xib; path = LJFriendTrendsViewController.xib; sourceTree = "<group>"; };
		A8F2AA851C931EB5005666D2 /* LJTextField.h */ = {isa = PBXFileReference; fileEncoding = 4; lastKnownFileType = sourcecode.c.h; path = LJTextField.h; sourceTree = "<group>"; };
		A8F2AA861C931EB5005666D2 /* LJTextField.m */ = {isa = PBXFileReference; fileEncoding = 4; lastKnownFileType = sourcecode.c.objc; path = LJTextField.m; sourceTree = "<group>"; };
		A8FC94391C91562D00366652 /* LJRecommandCategory.h */ = {isa = PBXFileReference; fileEncoding = 4; lastKnownFileType = sourcecode.c.h; path = LJRecommandCategory.h; sourceTree = "<group>"; };
		A8FC943A1C91562D00366652 /* LJRecommandCategory.m */ = {isa = PBXFileReference; fileEncoding = 4; lastKnownFileType = sourcecode.c.objc; path = LJRecommandCategory.m; sourceTree = "<group>"; };
		A8FC943C1C91597900366652 /* LJCatategoryCell.h */ = {isa = PBXFileReference; fileEncoding = 4; lastKnownFileType = sourcecode.c.h; path = LJCatategoryCell.h; sourceTree = "<group>"; };
		A8FC943D1C91597900366652 /* LJCatategoryCell.m */ = {isa = PBXFileReference; fileEncoding = 4; lastKnownFileType = sourcecode.c.objc; path = LJCatategoryCell.m; sourceTree = "<group>"; };
		A8FC943E1C91597900366652 /* LJCatategoryCell.xib */ = {isa = PBXFileReference; fileEncoding = 4; lastKnownFileType = file.xib; path = LJCatategoryCell.xib; sourceTree = "<group>"; };
		A8FC94411C917CA900366652 /* LJRecommandUserCell.h */ = {isa = PBXFileReference; fileEncoding = 4; lastKnownFileType = sourcecode.c.h; path = LJRecommandUserCell.h; sourceTree = "<group>"; };
		A8FC94421C917CA900366652 /* LJRecommandUserCell.m */ = {isa = PBXFileReference; fileEncoding = 4; lastKnownFileType = sourcecode.c.objc; path = LJRecommandUserCell.m; sourceTree = "<group>"; };
		A8FC94431C917CA900366652 /* LJRecommandUserCell.xib */ = {isa = PBXFileReference; fileEncoding = 4; lastKnownFileType = file.xib; path = LJRecommandUserCell.xib; sourceTree = "<group>"; };
		A8FC94461C91806800366652 /* LJRecommandUser.h */ = {isa = PBXFileReference; fileEncoding = 4; lastKnownFileType = sourcecode.c.h; path = LJRecommandUser.h; sourceTree = "<group>"; };
		A8FC94471C91806800366652 /* LJRecommandUser.m */ = {isa = PBXFileReference; fileEncoding = 4; lastKnownFileType = sourcecode.c.objc; path = LJRecommandUser.m; sourceTree = "<group>"; };
		D9A7E259EDF3FED6866EAE0B /* libPods.a */ = {isa = PBXFileReference; explicitFileType = archive.ar; includeInIndex = 0; path = libPods.a; sourceTree = BUILT_PRODUCTS_DIR; };
/* End PBXFileReference section */

/* Begin PBXFrameworksBuildPhase section */
		A882C4631C907A1A00CB1439 /* Frameworks */ = {
			isa = PBXFrameworksBuildPhase;
			buildActionMask = 2147483647;
			files = (
				65D29477BDE76AF3C7E73BFB /* libPods.a in Frameworks */,
			);
			runOnlyForDeploymentPostprocessing = 0;
		};
		A882C47C1C907A1A00CB1439 /* Frameworks */ = {
			isa = PBXFrameworksBuildPhase;
			buildActionMask = 2147483647;
			files = (
			);
			runOnlyForDeploymentPostprocessing = 0;
		};
		A882C4871C907A1A00CB1439 /* Frameworks */ = {
			isa = PBXFrameworksBuildPhase;
			buildActionMask = 2147483647;
			files = (
			);
			runOnlyForDeploymentPostprocessing = 0;
		};
/* End PBXFrameworksBuildPhase section */

/* Begin PBXGroup section */
		1644927B1D455CB0A86D8A6B /* Pods */ = {
			isa = PBXGroup;
			children = (
				23BF130B71411DBBD5911FF1 /* Pods.debug.xcconfig */,
				4FD73C4E1EA84F0C991E5B73 /* Pods.release.xcconfig */,
			);
			name = Pods;
			sourceTree = "<group>";
		};
		2A69A43A7234BC3B46BBFF2D /* Frameworks */ = {
			isa = PBXGroup;
			children = (
				D9A7E259EDF3FED6866EAE0B /* libPods.a */,
			);
			name = Frameworks;
			sourceTree = "<group>";
		};
		A882C45D1C907A1A00CB1439 = {
			isa = PBXGroup;
			children = (
				A882C4681C907A1A00CB1439 /* 百思静 */,
				A882C4821C907A1A00CB1439 /* 百思静Tests */,
				A882C48D1C907A1A00CB1439 /* 百思静UITests */,
				A882C4671C907A1A00CB1439 /* Products */,
				1644927B1D455CB0A86D8A6B /* Pods */,
				2A69A43A7234BC3B46BBFF2D /* Frameworks */,
			);
			sourceTree = "<group>";
		};
		A882C4671C907A1A00CB1439 /* Products */ = {
			isa = PBXGroup;
			children = (
				A882C4661C907A1A00CB1439 /* 百思静.app */,
				A882C47F1C907A1A00CB1439 /* 百思静Tests.xctest */,
				A882C48A1C907A1A00CB1439 /* 百思静UITests.xctest */,
			);
			name = Products;
			sourceTree = "<group>";
		};
		A882C4681C907A1A00CB1439 /* 百思静 */ = {
			isa = PBXGroup;
			children = (
				A882C4B51C90987000CB1439 /* Classes */,
				A882C4691C907A1A00CB1439 /* Supporting Files */,
			);
			path = "百思静";
			sourceTree = "<group>";
		};
		A882C4691C907A1A00CB1439 /* Supporting Files */ = {
			isa = PBXGroup;
			children = (
				A882C4751C907A1A00CB1439 /* Assets.xcassets */,
				A882C47A1C907A1A00CB1439 /* Info.plist */,
			);
			name = "Supporting Files";
			sourceTree = "<group>";
		};
		A882C4821C907A1A00CB1439 /* 百思静Tests */ = {
			isa = PBXGroup;
			children = (
				A882C4831C907A1A00CB1439 /* ___Tests.m */,
				A882C4851C907A1A00CB1439 /* Info.plist */,
			);
			path = "百思静Tests";
			sourceTree = "<group>";
		};
		A882C48D1C907A1A00CB1439 /* 百思静UITests */ = {
			isa = PBXGroup;
			children = (
				A882C48E1C907A1A00CB1439 /* ___UITests.m */,
				A882C4901C907A1A00CB1439 /* Info.plist */,
			);
			path = "百思静UITests";
			sourceTree = "<group>";
		};
		A882C4B51C90987000CB1439 /* Classes */ = {
			isa = PBXGroup;
			children = (
				A882C4B61C90987000CB1439 /* Essence-精华 */,
				A882C4BC1C90987000CB1439 /* FriendTrends-关注 */,
				A882C4C81C90987000CB1439 /* New-新帖 */,
				A882C4C21C90987000CB1439 /* Me-我的 */,
				A882C4CE1C90987000CB1439 /* Other-其他 */,
			);
			path = Classes;
			sourceTree = "<group>";
		};
		A882C4B61C90987000CB1439 /* Essence-精华 */ = {
			isa = PBXGroup;
			children = (
				A882C4B71C90987000CB1439 /* Controller */,
				A882C4BA1C90987000CB1439 /* Model */,
				A882C4BB1C90987000CB1439 /* View */,
			);
			path = "Essence-精华";
			sourceTree = "<group>";
		};
		A882C4B71C90987000CB1439 /* Controller */ = {
			isa = PBXGroup;
			children = (
				A882C4B81C90987000CB1439 /* LJEssenceViewController.h */,
				A882C4B91C90987000CB1439 /* LJEssenceViewController.m */,
				A832B80C1C91E143000FF5BB /* LJRecommandTagViewController.h */,
				A832B80D1C91E143000FF5BB /* LJRecommandTagViewController.m */,
				A8257DB91CA44A21008CDD0A /* LJAllViewController.h */,
				A8257DBA1CA44A21008CDD0A /* LJAllViewController.m */,
				A8257DBC1CA44A32008CDD0A /* LJVedioViewController.h */,
				A8257DBD1CA44A32008CDD0A /* LJVedioViewController.m */,
				A8257DBF1CA44A3E008CDD0A /* LJVoiceViewController.h */,
				A8257DC01CA44A3E008CDD0A /* LJVoiceViewController.m */,
				A8257DC21CA44A4A008CDD0A /* LJWordViewController.h */,
				A8257DC31CA44A4A008CDD0A /* LJWordViewController.m */,
				A8257DC51CA44A68008CDD0A /* LJPictureViewController.h */,
				A8257DC61CA44A68008CDD0A /* LJPictureViewController.m */,
			);
			path = Controller;
			sourceTree = "<group>";
		};
		A882C4BA1C90987000CB1439 /* Model */ = {
			isa = PBXGroup;
			children = (
				A832B80F1C91E3FA000FF5BB /* LJRecommandTag.h */,
				A832B8101C91E3FA000FF5BB /* LJRecommandTag.m */,
			);
			path = Model;
			sourceTree = "<group>";
		};
		A882C4BB1C90987000CB1439 /* View */ = {
			isa = PBXGroup;
			children = (
				A832B8121C91E52D000FF5BB /* LJRecommandTagCell.h */,
				A832B8131C91E52D000FF5BB /* LJRecommandTagCell.m */,
				A832B8141C91E52D000FF5BB /* LJRecommandTagCell.xib */,
			);
			path = View;
			sourceTree = "<group>";
		};
		A882C4BC1C90987000CB1439 /* FriendTrends-关注 */ = {
			isa = PBXGroup;
			children = (
				A882C4BD1C90987000CB1439 /* Controller */,
				A882C4C01C90987000CB1439 /* Model */,
				A882C4C11C90987000CB1439 /* View */,
			);
			path = "FriendTrends-关注";
			sourceTree = "<group>";
		};
		A882C4BD1C90987000CB1439 /* Controller */ = {
			isa = PBXGroup;
			children = (
				A882C4BE1C90987000CB1439 /* LJFriendTrendsViewController.h */,
				A882C4BF1C90987000CB1439 /* LJFriendTrendsViewController.m */,
				A882C4EB1C90A9DE00CB1439 /* LJFriendTrendsViewController.xib */,
				A80D3F9C1C90B14500B03DC2 /* LJRecommandViewController.h */,
				A80D3F9D1C90B14500B03DC2 /* LJRecommandViewController.m */,
				A80D3F9E1C90B14500B03DC2 /* LJRecommandViewController.xib */,
				A81165E71C92B2B400E27084 /* LJRegistLoginController.h */,
				A81165E81C92B2B400E27084 /* LJRegistLoginController.m */,
				A81165E91C92B2B400E27084 /* LJRegistLoginController.xib */,
			);
			path = Controller;
			sourceTree = "<group>";
		};
		A882C4C01C90987000CB1439 /* Model */ = {
			isa = PBXGroup;
			children = (
				A8FC94391C91562D00366652 /* LJRecommandCategory.h */,
				A8FC943A1C91562D00366652 /* LJRecommandCategory.m */,
				A8FC94461C91806800366652 /* LJRecommandUser.h */,
				A8FC94471C91806800366652 /* LJRecommandUser.m */,
			);
			path = Model;
			sourceTree = "<group>";
		};
		A882C4C11C90987000CB1439 /* View */ = {
			isa = PBXGroup;
			children = (
				A8FC943C1C91597900366652 /* LJCatategoryCell.h */,
				A8FC943D1C91597900366652 /* LJCatategoryCell.m */,
				A8FC943E1C91597900366652 /* LJCatategoryCell.xib */,
				A8FC94411C917CA900366652 /* LJRecommandUserCell.h */,
				A8FC94421C917CA900366652 /* LJRecommandUserCell.m */,
				A8FC94431C917CA900366652 /* LJRecommandUserCell.xib */,
				A81165EC1C92B84D00E27084 /* LJVerticalButton.h */,
				A81165ED1C92B84D00E27084 /* LJVerticalButton.m */,
				A8F2AA851C931EB5005666D2 /* LJTextField.h */,
				A8F2AA861C931EB5005666D2 /* LJTextField.m */,
			);
			path = View;
			sourceTree = "<group>";
		};
		A882C4C21C90987000CB1439 /* Me-我的 */ = {
			isa = PBXGroup;
			children = (
				A882C4C31C90987000CB1439 /* Controller */,
				A882C4C61C90987000CB1439 /* Model */,
				A882C4C71C90987000CB1439 /* View */,
			);
			path = "Me-我的";
			sourceTree = "<group>";
		};
		A882C4C31C90987000CB1439 /* Controller */ = {
			isa = PBXGroup;
			children = (
				A882C4C41C90987000CB1439 /* LJMeViewController.h */,
				A882C4C51C90987000CB1439 /* LJMeViewController.m */,
			);
			path = Controller;
			sourceTree = "<group>";
		};
		A882C4C61C90987000CB1439 /* Model */ = {
			isa = PBXGroup;
			children = (
			);
			path = Model;
			sourceTree = "<group>";
		};
		A882C4C71C90987000CB1439 /* View */ = {
			isa = PBXGroup;
			children = (
			);
			path = View;
			sourceTree = "<group>";
		};
		A882C4C81C90987000CB1439 /* New-新帖 */ = {
			isa = PBXGroup;
			children = (
				A882C4C91C90987000CB1439 /* Controller */,
				A882C4CC1C90987000CB1439 /* Model */,
				A882C4CD1C90987000CB1439 /* View */,
			);
			path = "New-新帖";
			sourceTree = "<group>";
		};
		A882C4C91C90987000CB1439 /* Controller */ = {
			isa = PBXGroup;
			children = (
				A882C4CA1C90987000CB1439 /* LJNewViewController.h */,
				A882C4CB1C90987000CB1439 /* LJNewViewController.m */,
			);
			path = Controller;
			sourceTree = "<group>";
		};
		A882C4CC1C90987000CB1439 /* Model */ = {
			isa = PBXGroup;
			children = (
			);
			path = Model;
			sourceTree = "<group>";
		};
		A882C4CD1C90987000CB1439 /* View */ = {
			isa = PBXGroup;
			children = (
			);
			path = View;
			sourceTree = "<group>";
		};
		A882C4CE1C90987000CB1439 /* Other-其他 */ = {
			isa = PBXGroup;
			children = (
				A882C4CF1C90987000CB1439 /* AppDelegate.h */,
				A882C4D01C90987000CB1439 /* AppDelegate.m */,
				A880CDFB1C90B4C000BFA071 /* Foundation+Log.m */,
				A882C4D11C90987000CB1439 /* Catagory */,
				A882C4D61C90987000CB1439 /* Controller */,
				A882C4D91C90987000CB1439 /* main.m */,
				A882C4DA1C90987000CB1439 /* PrefixHeader.pch */,
				A882C4DB1C90987000CB1439 /* View */,
			);
			path = "Other-其他";
			sourceTree = "<group>";
		};
		A882C4D11C90987000CB1439 /* Catagory */ = {
			isa = PBXGroup;
			children = (
				A882C4D21C90987000CB1439 /* UIBarButtonItem+LJExtension.h */,
				A882C4D31C90987000CB1439 /* UIBarButtonItem+LJExtension.m */,
				A882C4D41C90987000CB1439 /* UIView+LJExtensionFrame.h */,
				A882C4D51C90987000CB1439 /* UIView+LJExtensionFrame.m */,
			);
			path = Catagory;
			sourceTree = "<group>";
		};
		A882C4D61C90987000CB1439 /* Controller */ = {
			isa = PBXGroup;
			children = (
				A882C4D71C90987000CB1439 /* LJTabBarController.h */,
				A882C4D81C90987000CB1439 /* LJTabBarController.m */,
				A882C4E81C909E9400CB1439 /* LJNavgationController.h */,
				A882C4E91C909E9400CB1439 /* LJNavgationController.m */,
			);
			path = Controller;
			sourceTree = "<group>";
		};
		A882C4DB1C90987000CB1439 /* View */ = {
			isa = PBXGroup;
			children = (
				A882C4DC1C90987000CB1439 /* LJTabBar.h */,
				A882C4DD1C90987000CB1439 /* LJTabBar.m */,
				A8233C9E1CA40F72002032BF /* LJPushGuideView.h */,
				A8233C9F1CA40F72002032BF /* LJPushGuideView.m */,
				A8233CA11CA40F7F002032BF /* LJPushGuideView.xib */,
			);
			path = View;
			sourceTree = "<group>";
		};
/* End PBXGroup section */

/* Begin PBXNativeTarget section */
		A882C4651C907A1A00CB1439 /* 百思静 */ = {
			isa = PBXNativeTarget;
			buildConfigurationList = A882C4931C907A1A00CB1439 /* Build configuration list for PBXNativeTarget "百思静" */;
			buildPhases = (
				08A3E546FDAA1A5CEC77F4BF /* Check Pods Manifest.lock */,
				A882C4621C907A1A00CB1439 /* Sources */,
				A882C4631C907A1A00CB1439 /* Frameworks */,
				A882C4641C907A1A00CB1439 /* Resources */,
				159400B1A896E9A94742C38F /* Embed Pods Frameworks */,
				CE3B425A6A33B09064C7535D /* Copy Pods Resources */,
			);
			buildRules = (
			);
			dependencies = (
			);
			name = "百思静";
			productName = "百思静";
			productReference = A882C4661C907A1A00CB1439 /* 百思静.app */;
			productType = "com.apple.product-type.application";
		};
		A882C47E1C907A1A00CB1439 /* 百思静Tests */ = {
			isa = PBXNativeTarget;
			buildConfigurationList = A882C4961C907A1A00CB1439 /* Build configuration list for PBXNativeTarget "百思静Tests" */;
			buildPhases = (
				A882C47B1C907A1A00CB1439 /* Sources */,
				A882C47C1C907A1A00CB1439 /* Frameworks */,
				A882C47D1C907A1A00CB1439 /* Resources */,
			);
			buildRules = (
			);
			dependencies = (
				A882C4811C907A1A00CB1439 /* PBXTargetDependency */,
			);
			name = "百思静Tests";
			productName = "百思静Tests";
			productReference = A882C47F1C907A1A00CB1439 /* 百思静Tests.xctest */;
			productType = "com.apple.product-type.bundle.unit-test";
		};
		A882C4891C907A1A00CB1439 /* 百思静UITests */ = {
			isa = PBXNativeTarget;
			buildConfigurationList = A882C4991C907A1A00CB1439 /* Build configuration list for PBXNativeTarget "百思静UITests" */;
			buildPhases = (
				A882C4861C907A1A00CB1439 /* Sources */,
				A882C4871C907A1A00CB1439 /* Frameworks */,
				A882C4881C907A1A00CB1439 /* Resources */,
			);
			buildRules = (
			);
			dependencies = (
				A882C48C1C907A1A00CB1439 /* PBXTargetDependency */,
			);
			name = "百思静UITests";
			productName = "百思静UITests";
			productReference = A882C48A1C907A1A00CB1439 /* 百思静UITests.xctest */;
			productType = "com.apple.product-type.bundle.ui-testing";
		};
/* End PBXNativeTarget section */

/* Begin PBXProject section */
		A882C45E1C907A1A00CB1439 /* Project object */ = {
			isa = PBXProject;
			attributes = {
				CLASSPREFIX = LJ;
				LastUpgradeCheck = 0720;
				ORGANIZATIONNAME = Upriver;
				TargetAttributes = {
					A882C4651C907A1A00CB1439 = {
						CreatedOnToolsVersion = 7.2.1;
						DevelopmentTeam = MBTTHTUMW2;
					};
					A882C47E1C907A1A00CB1439 = {
						CreatedOnToolsVersion = 7.2.1;
						DevelopmentTeam = MBTTHTUMW2;
						TestTargetID = A882C4651C907A1A00CB1439;
					};
					A882C4891C907A1A00CB1439 = {
						CreatedOnToolsVersion = 7.2.1;
						DevelopmentTeam = MBTTHTUMW2;
						TestTargetID = A882C4651C907A1A00CB1439;
					};
				};
			};
			buildConfigurationList = A882C4611C907A1A00CB1439 /* Build configuration list for PBXProject "百思静" */;
			compatibilityVersion = "Xcode 3.2";
			developmentRegion = English;
			hasScannedForEncodings = 0;
			knownRegions = (
				en,
				Base,
			);
			mainGroup = A882C45D1C907A1A00CB1439;
			productRefGroup = A882C4671C907A1A00CB1439 /* Products */;
			projectDirPath = "";
			projectRoot = "";
			targets = (
				A882C4651C907A1A00CB1439 /* 百思静 */,
				A882C47E1C907A1A00CB1439 /* 百思静Tests */,
				A882C4891C907A1A00CB1439 /* 百思静UITests */,
			);
		};
/* End PBXProject section */

/* Begin PBXResourcesBuildPhase section */
		A882C4641C907A1A00CB1439 /* Resources */ = {
			isa = PBXResourcesBuildPhase;
			buildActionMask = 2147483647;
			files = (
				A81165EB1C92B2B400E27084 /* LJRegistLoginController.xib in Resources */,
				A882C4EC1C90A9DE00CB1439 /* LJFriendTrendsViewController.xib in Resources */,
				A80D3FA01C90B14500B03DC2 /* LJRecommandViewController.xib in Resources */,
				A8233CA21CA40F7F002032BF /* LJPushGuideView.xib in Resources */,
				A8FC94401C91597900366652 /* LJCatategoryCell.xib in Resources */,
				A882C4761C907A1A00CB1439 /* Assets.xcassets in Resources */,
				A8FC94451C917CA900366652 /* LJRecommandUserCell.xib in Resources */,
				A832B8161C91E52D000FF5BB /* LJRecommandTagCell.xib in Resources */,
			);
			runOnlyForDeploymentPostprocessing = 0;
		};
		A882C47D1C907A1A00CB1439 /* Resources */ = {
			isa = PBXResourcesBuildPhase;
			buildActionMask = 2147483647;
			files = (
			);
			runOnlyForDeploymentPostprocessing = 0;
		};
		A882C4881C907A1A00CB1439 /* Resources */ = {
			isa = PBXResourcesBuildPhase;
			buildActionMask = 2147483647;
			files = (
			);
			runOnlyForDeploymentPostprocessing = 0;
		};
/* End PBXResourcesBuildPhase section */

/* Begin PBXShellScriptBuildPhase section */
		08A3E546FDAA1A5CEC77F4BF /* Check Pods Manifest.lock */ = {
			isa = PBXShellScriptBuildPhase;
			buildActionMask = 2147483647;
			files = (
			);
			inputPaths = (
			);
			name = "Check Pods Manifest.lock";
			outputPaths = (
			);
			runOnlyForDeploymentPostprocessing = 0;
			shellPath = /bin/sh;
			shellScript = "diff \"${PODS_ROOT}/../Podfile.lock\" \"${PODS_ROOT}/Manifest.lock\" > /dev/null\nif [[ $? != 0 ]] ; then\n    cat << EOM\nerror: The sandbox is not in sync with the Podfile.lock. Run 'pod install' or update your CocoaPods installation.\nEOM\n    exit 1\nfi\n";
			showEnvVarsInLog = 0;
		};
		159400B1A896E9A94742C38F /* Embed Pods Frameworks */ = {
			isa = PBXShellScriptBuildPhase;
			buildActionMask = 2147483647;
			files = (
			);
			inputPaths = (
			);
			name = "Embed Pods Frameworks";
			outputPaths = (
			);
			runOnlyForDeploymentPostprocessing = 0;
			shellPath = /bin/sh;
			shellScript = "\"${SRCROOT}/Pods/Target Support Files/Pods/Pods-frameworks.sh\"\n";
			showEnvVarsInLog = 0;
		};
		CE3B425A6A33B09064C7535D /* Copy Pods Resources */ = {
			isa = PBXShellScriptBuildPhase;
			buildActionMask = 2147483647;
			files = (
			);
			inputPaths = (
			);
			name = "Copy Pods Resources";
			outputPaths = (
			);
			runOnlyForDeploymentPostprocessing = 0;
			shellPath = /bin/sh;
			shellScript = "\"${SRCROOT}/Pods/Target Support Files/Pods/Pods-resources.sh\"\n";
			showEnvVarsInLog = 0;
		};
/* End PBXShellScriptBuildPhase section */

/* Begin PBXSourcesBuildPhase section */
		A882C4621C907A1A00CB1439 /* Sources */ = {
			isa = PBXSourcesBuildPhase;
			buildActionMask = 2147483647;
			files = (
				A832B80E1C91E143000FF5BB /* LJRecommandTagViewController.m in Sources */,
				A882C4DF1C90987000CB1439 /* LJFriendTrendsViewController.m in Sources */,
				A8F2AA871C931EB5005666D2 /* LJTextField.m in Sources */,
				A8233CA01CA40F72002032BF /* LJPushGuideView.m in Sources */,
				A882C4DE1C90987000CB1439 /* LJEssenceViewController.m in Sources */,
				A882C4E31C90987000CB1439 /* UIBarButtonItem+LJExtension.m in Sources */,
				A882C4E71C90987000CB1439 /* LJTabBar.m in Sources */,
				A882C4E01C90987000CB1439 /* LJMeViewController.m in Sources */,
				A80D3F9F1C90B14500B03DC2 /* LJRecommandViewController.m in Sources */,
				A81165EE1C92B84D00E27084 /* LJVerticalButton.m in Sources */,
				A832B8151C91E52D000FF5BB /* LJRecommandTagCell.m in Sources */,
				A8257DC71CA44A68008CDD0A /* LJPictureViewController.m in Sources */,
				A8FC94481C91806800366652 /* LJRecommandUser.m in Sources */,
				A8257DC11CA44A3E008CDD0A /* LJVoiceViewController.m in Sources */,
				A8257DBE1CA44A32008CDD0A /* LJVedioViewController.m in Sources */,
				A8FC943B1C91562D00366652 /* LJRecommandCategory.m in Sources */,
				A8FC943F1C91597900366652 /* LJCatategoryCell.m in Sources */,
				A882C4EA1C909E9400CB1439 /* LJNavgationController.m in Sources */,
				A882C4E41C90987000CB1439 /* UIView+LJExtensionFrame.m in Sources */,
				A8257DC41CA44A4A008CDD0A /* LJWordViewController.m in Sources */,
				A882C4E51C90987000CB1439 /* LJTabBarController.m in Sources */,
				A8FC94441C917CA900366652 /* LJRecommandUserCell.m in Sources */,
				A882C4E11C90987000CB1439 /* LJNewViewController.m in Sources */,
				A880CDFC1C90B4C000BFA071 /* Foundation+Log.m in Sources */,
				A882C4E61C90987000CB1439 /* main.m in Sources */,
				A8257DBB1CA44A21008CDD0A /* LJAllViewController.m in Sources */,
				A882C4E21C90987000CB1439 /* AppDelegate.m in Sources */,
				A81165EA1C92B2B400E27084 /* LJRegistLoginController.m in Sources */,
				A832B8111C91E3FA000FF5BB /* LJRecommandTag.m in Sources */,
			);
			runOnlyForDeploymentPostprocessing = 0;
		};
		A882C47B1C907A1A00CB1439 /* Sources */ = {
			isa = PBXSourcesBuildPhase;
			buildActionMask = 2147483647;
			files = (
				A882C4841C907A1A00CB1439 /* ___Tests.m in Sources */,
			);
			runOnlyForDeploymentPostprocessing = 0;
		};
		A882C4861C907A1A00CB1439 /* Sources */ = {
			isa = PBXSourcesBuildPhase;
			buildActionMask = 2147483647;
			files = (
				A882C48F1C907A1A00CB1439 /* ___UITests.m in Sources */,
			);
			runOnlyForDeploymentPostprocessing = 0;
		};
/* End PBXSourcesBuildPhase section */

/* Begin PBXTargetDependency section */
		A882C4811C907A1A00CB1439 /* PBXTargetDependency */ = {
			isa = PBXTargetDependency;
			target = A882C4651C907A1A00CB1439 /* 百思静 */;
			targetProxy = A882C4801C907A1A00CB1439 /* PBXContainerItemProxy */;
		};
		A882C48C1C907A1A00CB1439 /* PBXTargetDependency */ = {
			isa = PBXTargetDependency;
			target = A882C4651C907A1A00CB1439 /* 百思静 */;
			targetProxy = A882C48B1C907A1A00CB1439 /* PBXContainerItemProxy */;
		};
/* End PBXTargetDependency section */

/* Begin XCBuildConfiguration section */
		A882C4911C907A1A00CB1439 /* Debug */ = {
			isa = XCBuildConfiguration;
			buildSettings = {
				ALWAYS_SEARCH_USER_PATHS = NO;
				CLANG_CXX_LANGUAGE_STANDARD = "gnu++0x";
				CLANG_CXX_LIBRARY = "libc++";
				CLANG_ENABLE_MODULES = YES;
				CLANG_ENABLE_OBJC_ARC = YES;
				CLANG_WARN_BOOL_CONVERSION = YES;
				CLANG_WARN_CONSTANT_CONVERSION = YES;
				CLANG_WARN_DIRECT_OBJC_ISA_USAGE = YES_ERROR;
				CLANG_WARN_EMPTY_BODY = YES;
				CLANG_WARN_ENUM_CONVERSION = YES;
				CLANG_WARN_INT_CONVERSION = YES;
				CLANG_WARN_OBJC_ROOT_CLASS = YES_ERROR;
				CLANG_WARN_UNREACHABLE_CODE = YES;
				CLANG_WARN__DUPLICATE_METHOD_MATCH = YES;
				"CODE_SIGN_IDENTITY[sdk=iphoneos*]" = "iPhone Developer";
				COPY_PHASE_STRIP = NO;
				DEBUG_INFORMATION_FORMAT = dwarf;
				ENABLE_STRICT_OBJC_MSGSEND = YES;
				ENABLE_TESTABILITY = YES;
				GCC_C_LANGUAGE_STANDARD = gnu99;
				GCC_DYNAMIC_NO_PIC = NO;
				GCC_NO_COMMON_BLOCKS = YES;
				GCC_OPTIMIZATION_LEVEL = 0;
				GCC_PREPROCESSOR_DEFINITIONS = (
					"DEBUG=1",
					"$(inherited)",
				);
				GCC_WARN_64_TO_32_BIT_CONVERSION = YES;
				GCC_WARN_ABOUT_RETURN_TYPE = YES_ERROR;
				GCC_WARN_UNDECLARED_SELECTOR = YES;
				GCC_WARN_UNINITIALIZED_AUTOS = YES_AGGRESSIVE;
				GCC_WARN_UNUSED_FUNCTION = YES;
				GCC_WARN_UNUSED_VARIABLE = YES;
				IPHONEOS_DEPLOYMENT_TARGET = 9.2;
				MTL_ENABLE_DEBUG_INFO = YES;
				ONLY_ACTIVE_ARCH = YES;
				SDKROOT = iphoneos;
				TARGETED_DEVICE_FAMILY = "1,2";
			};
			name = Debug;
		};
		A882C4921C907A1A00CB1439 /* Release */ = {
			isa = XCBuildConfiguration;
			buildSettings = {
				ALWAYS_SEARCH_USER_PATHS = NO;
				CLANG_CXX_LANGUAGE_STANDARD = "gnu++0x";
				CLANG_CXX_LIBRARY = "libc++";
				CLANG_ENABLE_MODULES = YES;
				CLANG_ENABLE_OBJC_ARC = YES;
				CLANG_WARN_BOOL_CONVERSION = YES;
				CLANG_WARN_CONSTANT_CONVERSION = YES;
				CLANG_WARN_DIRECT_OBJC_ISA_USAGE = YES_ERROR;
				CLANG_WARN_EMPTY_BODY = YES;
				CLANG_WARN_ENUM_CONVERSION = YES;
				CLANG_WARN_INT_CONVERSION = YES;
				CLANG_WARN_OBJC_ROOT_CLASS = YES_ERROR;
				CLANG_WARN_UNREACHABLE_CODE = YES;
				CLANG_WARN__DUPLICATE_METHOD_MATCH = YES;
				"CODE_SIGN_IDENTITY[sdk=iphoneos*]" = "iPhone Developer";
				COPY_PHASE_STRIP = NO;
				DEBUG_INFORMATION_FORMAT = "dwarf-with-dsym";
				ENABLE_NS_ASSERTIONS = NO;
				ENABLE_STRICT_OBJC_MSGSEND = YES;
				GCC_C_LANGUAGE_STANDARD = gnu99;
				GCC_NO_COMMON_BLOCKS = YES;
				GCC_WARN_64_TO_32_BIT_CONVERSION = YES;
				GCC_WARN_ABOUT_RETURN_TYPE = YES_ERROR;
				GCC_WARN_UNDECLARED_SELECTOR = YES;
				GCC_WARN_UNINITIALIZED_AUTOS = YES_AGGRESSIVE;
				GCC_WARN_UNUSED_FUNCTION = YES;
				GCC_WARN_UNUSED_VARIABLE = YES;
				IPHONEOS_DEPLOYMENT_TARGET = 9.2;
				MTL_ENABLE_DEBUG_INFO = NO;
				SDKROOT = iphoneos;
				TARGETED_DEVICE_FAMILY = "1,2";
				VALIDATE_PRODUCT = YES;
			};
			name = Release;
		};
		A882C4941C907A1A00CB1439 /* Debug */ = {
			isa = XCBuildConfiguration;
			baseConfigurationReference = 23BF130B71411DBBD5911FF1 /* Pods.debug.xcconfig */;
			buildSettings = {
				ASSETCATALOG_COMPILER_APPICON_NAME = AppIcon;
				ASSETCATALOG_COMPILER_LAUNCHIMAGE_NAME = "Brand Assets";
				GCC_PREFIX_HEADER = "百思静/Classes/Other-其他/PrefixHeader.pch";
				INFOPLIST_FILE = "百思静/Info.plist";
				LD_RUNPATH_SEARCH_PATHS = "$(inherited) @executable_path/Frameworks";
				PRODUCT_BUNDLE_IDENTIFIER = "LL.---";
				PRODUCT_NAME = "$(TARGET_NAME)";
			};
			name = Debug;
		};
		A882C4951C907A1A00CB1439 /* Release */ = {
			isa = XCBuildConfiguration;
			baseConfigurationReference = 4FD73C4E1EA84F0C991E5B73 /* Pods.release.xcconfig */;
			buildSettings = {
				ASSETCATALOG_COMPILER_APPICON_NAME = AppIcon;
				ASSETCATALOG_COMPILER_LAUNCHIMAGE_NAME = "Brand Assets";
				GCC_PREFIX_HEADER = "百思静/Classes/Other-其他/PrefixHeader.pch";
				INFOPLIST_FILE = "百思静/Info.plist";
				LD_RUNPATH_SEARCH_PATHS = "$(inherited) @executable_path/Frameworks";
				PRODUCT_BUNDLE_IDENTIFIER = "LL.---";
				PRODUCT_NAME = "$(TARGET_NAME)";
			};
			name = Release;
		};
		A882C4971C907A1A00CB1439 /* Debug */ = {
			isa = XCBuildConfiguration;
			buildSettings = {
				BUNDLE_LOADER = "$(TEST_HOST)";
				INFOPLIST_FILE = "百思静Tests/Info.plist";
				LD_RUNPATH_SEARCH_PATHS = "$(inherited) @executable_path/Frameworks @loader_path/Frameworks";
				PRODUCT_BUNDLE_IDENTIFIER = "LL.---Tests";
				PRODUCT_NAME = "$(TARGET_NAME)";
				TEST_HOST = "$(BUILT_PRODUCTS_DIR)/百思静.app/百思静";
			};
			name = Debug;
		};
		A882C4981C907A1A00CB1439 /* Release */ = {
			isa = XCBuildConfiguration;
			buildSettings = {
				BUNDLE_LOADER = "$(TEST_HOST)";
				INFOPLIST_FILE = "百思静Tests/Info.plist";
				LD_RUNPATH_SEARCH_PATHS = "$(inherited) @executable_path/Frameworks @loader_path/Frameworks";
				PRODUCT_BUNDLE_IDENTIFIER = "LL.---Tests";
				PRODUCT_NAME = "$(TARGET_NAME)";
				TEST_HOST = "$(BUILT_PRODUCTS_DIR)/百思静.app/百思静";
			};
			name = Release;
		};
		A882C49A1C907A1A00CB1439 /* Debug */ = {
			isa = XCBuildConfiguration;
			buildSettings = {
				INFOPLIST_FILE = "百思静UITests/Info.plist";
				LD_RUNPATH_SEARCH_PATHS = "$(inherited) @executable_path/Frameworks @loader_path/Frameworks";
				PRODUCT_BUNDLE_IDENTIFIER = "LL.---UITests";
				PRODUCT_NAME = "$(TARGET_NAME)";
				TEST_TARGET_NAME = "百思静";
				USES_XCTRUNNER = YES;
			};
			name = Debug;
		};
		A882C49B1C907A1A00CB1439 /* Release */ = {
			isa = XCBuildConfiguration;
			buildSettings = {
				INFOPLIST_FILE = "百思静UITests/Info.plist";
				LD_RUNPATH_SEARCH_PATHS = "$(inherited) @executable_path/Frameworks @loader_path/Frameworks";
				PRODUCT_BUNDLE_IDENTIFIER = "LL.---UITests";
				PRODUCT_NAME = "$(TARGET_NAME)";
				TEST_TARGET_NAME = "百思静";
				USES_XCTRUNNER = YES;
			};
			name = Release;
		};
/* End XCBuildConfiguration section */

/* Begin XCConfigurationList section */
		A882C4611C907A1A00CB1439 /* Build configuration list for PBXProject "百思静" */ = {
			isa = XCConfigurationList;
			buildConfigurations = (
				A882C4911C907A1A00CB1439 /* Debug */,
				A882C4921C907A1A00CB1439 /* Release */,
			);
			defaultConfigurationIsVisible = 0;
			defaultConfigurationName = Release;
		};
		A882C4931C907A1A00CB1439 /* Build configuration list for PBXNativeTarget "百思静" */ = {
			isa = XCConfigurationList;
			buildConfigurations = (
				A882C4941C907A1A00CB1439 /* Debug */,
				A882C4951C907A1A00CB1439 /* Release */,
			);
			defaultConfigurationIsVisible = 0;
			defaultConfigurationName = Release;
		};
		A882C4961C907A1A00CB1439 /* Build configuration list for PBXNativeTarget "百思静Tests" */ = {
			isa = XCConfigurationList;
			buildConfigurations = (
				A882C4971C907A1A00CB1439 /* Debug */,
				A882C4981C907A1A00CB1439 /* Release */,
			);
			defaultConfigurationIsVisible = 0;
			defaultConfigurationName = Release;
		};
		A882C4991C907A1A00CB1439 /* Build configuration list for PBXNativeTarget "百思静UITests" */ = {
			isa = XCConfigurationList;
			buildConfigurations = (
				A882C49A1C907A1A00CB1439 /* Debug */,
				A882C49B1C907A1A00CB1439 /* Release */,
			);
			defaultConfigurationIsVisible = 0;
			defaultConfigurationName = Release;
		};
/* End XCConfigurationList section */
	};
	rootObject = A882C45E1C907A1A00CB1439 /* Project object */;
}
